
Microsoft Visual Studio Solution File, Format Version 12.00
# Visual Studio Version 16
VisualStudioVersion = 16.0.30204.135
MinimumVisualStudioVersion = 10.0.40219.1
Project("{FAE04EC0-301F-11D3-BF4B-00C04F79EFBC}") = "Week2Lesson4", "Week2Lesson4\Week2Lesson4.csproj", "{93953193-6CCD-4CED-AE88-98ABC2B1EFB2}"
EndProject
Global
	GlobalSection(SolutionConfigurationPlatforms) = preSolution
		Debug|Any CPU = Debug|Any CPU
		Release|Any CPU = Release|Any CPU
	EndGlobalSection
	GlobalSection(ProjectConfigurationPlatforms) = postSolution
		{93953193-6CCD-4CED-AE88-98ABC2B1EFB2}.Debug|Any CPU.ActiveCfg = Debug|Any CPU
		{93953193-6CCD-4CED-AE88-98ABC2B1EFB2}.Debug|Any CPU.Build.0 = Debug|Any CPU
		{93953193-6CCD-4CED-AE88-98ABC2B1EFB2}.Release|Any CPU.ActiveCfg = Release|Any CPU
		{93953193-6CCD-4CED-AE88-98ABC2B1EFB2}.Release|Any CPU.Build.0 = Release|Any CPU
	EndGlobalSection
	GlobalSection(SolutionProperties) = preSolution
		HideSolutionNode = FALSE
	EndGlobalSection
	GlobalSection(ExtensibilityGlobals) = postSolution
		SolutionGuid = {82853DC8-9AF9-49AE-8BCC-3C108A4B7D3A}
	EndGlobalSection
EndGlobal
